# THIS IS AN AUTOGENERATED FILE. DO NOT EDIT THIS FILE DIRECTLY.
# yarn lockfile v1


"@lib/quick-lru@./lib/QuickLRU":
  "resolved" "file:lib/QuickLRU"
  "version" "6.1.1"

"@socket.io/component-emitter@~3.1.0":
  "integrity" "sha512-+9jVqKhRSpsc591z5vX+X5Yyw+he/HCB4iQ/RYxw35CEPaY1gnsNE43nf9n9AaYjAQrTiI/mOwKUKdUs9vf7Xg=="
  "resolved" "https://registry.npmjs.org/@socket.io/component-emitter/-/component-emitter-3.1.0.tgz"
  "version" "3.1.0"

"@types/node@^17.0.33":
  "integrity" "sha512-miWq2m2FiQZmaHfdZNcbpp9PuXg34W5JZ5CrJ/BaS70VuhoJENBEQybeiYSaPBRNq6KQGnjfEnc/F3PN++D+XQ=="
  "resolved" "https://registry.npmjs.org/@types/node/-/node-17.0.33.tgz"
  "version" "17.0.33"

"async-and-quick@^1.0.1":
  "integrity" "sha512-iLiwkBf0rnXtwpH40JUJBAA/1n/1/52FehFfXUrLxB+whAiPhvcSV5Kd0vCZ/LTgEUMHhg41pw0eDbkKosRwJQ=="
  "resolved" "https://registry.npmjs.org/async-and-quick/-/async-and-quick-1.0.1.tgz"
  "version" "1.0.1"
  dependencies:
    "chillout" "^5.0.0"

"chillout@^5.0.0":
  "integrity" "sha512-xCyFUOrkOVBSaZ1pKXUZcrKhMsPkWh4jWPa9rp4zE+wHE5h4NTO7z8K5rLhV989dtQatDOoMhTe9Vi2S96QEhQ=="
  "resolved" "https://registry.npmjs.org/chillout/-/chillout-5.0.0.tgz"
  "version" "5.0.0"

"debug@~4.3.1", "debug@~4.3.2":
  "integrity" "sha512-PRWFHuSU3eDtQJPvnNY7Jcket1j0t5OuOsFzPPzsekD52Zl8qUfFIPEiswXqIvHWGVHOgX+7G/vCNNhehwxfkQ=="
  "resolved" "https://registry.npmjs.org/debug/-/debug-4.3.4.tgz"
  "version" "4.3.4"
  dependencies:
    "ms" "2.1.2"

"engine.io-client@~6.2.1":
  "integrity" "sha512-8ZQmx0LQGRTYkHuogVZuGSpDqYZtCM/nv8zQ68VZ+JkOpazJ7ICdsSpaO6iXwvaU30oFg5QJOJWj8zWqhbKjkQ=="
  "resolved" "https://registry.npmjs.org/engine.io-client/-/engine.io-client-6.2.2.tgz"
  "version" "6.2.2"
  dependencies:
    "@socket.io/component-emitter" "~3.1.0"
    "debug" "~4.3.1"
    "engine.io-parser" "~5.0.3"
    "ws" "~8.2.3"
    "xmlhttprequest-ssl" "~2.0.0"

"engine.io-parser@~5.0.3":
  "integrity" "sha512-+nVFp+5z1E3HcToEnO7ZIj3g+3k9389DvWtvJZz0T6/eOCPIyyxehFcedoYrZQrp0LgQbD9pPXhpMBKMd5QURg=="
  "resolved" "https://registry.npmjs.org/engine.io-parser/-/engine.io-parser-5.0.4.tgz"
  "version" "5.0.4"

"eventemitter2@^6.4.5":
  "integrity" "sha512-bXE7Dyc1i6oQElDG0jMRZJrRAn9QR2xyyFGmBdZleNmyQX0FqGYmhZIrIrpPfm/w//LTo4tVQGOGQcGCb5q9uw=="
  "resolved" "https://registry.npmjs.org/eventemitter2/-/eventemitter2-6.4.5.tgz"
  "version" "6.4.5"

"ms@2.1.2":
  "integrity" "sha512-sGkPx+VjMtmA6MX27oA4FBFELFCZZ4S4XqeGOXCv68tT+jb3vk/RyaKWP0PTKyWtmLSM0b+adUTEvbs1PEaH2w=="
  "resolved" "https://registry.npmjs.org/ms/-/ms-2.1.2.tgz"
  "version" "2.1.2"

"socket.io-client@^4.5.0":
  "integrity" "sha512-HW61c1G7OrYGxaI79WRn17+b03iBCdvhBj4iqyXHBoL5M8w2MSO/vChsjA93knG4GYEai1/vbXWJna9dzxXtSg=="
  "resolved" "https://registry.npmjs.org/socket.io-client/-/socket.io-client-4.5.0.tgz"
  "version" "4.5.0"
  dependencies:
    "@socket.io/component-emitter" "~3.1.0"
    "debug" "~4.3.2"
    "engine.io-client" "~6.2.1"
    "socket.io-parser" "~4.2.0"

"socket.io-parser@~4.2.0":
  "integrity" "sha512-tLfmEwcEwnlQTxFB7jibL/q2+q8dlVQzj4JdRLJ/W/G1+Fu9VSxCx1Lo+n1HvXxKnM//dUuD0xgiA7tQf57Vng=="
  "resolved" "https://registry.npmjs.org/socket.io-parser/-/socket.io-parser-4.2.0.tgz"
  "version" "4.2.0"
  dependencies:
    "@socket.io/component-emitter" "~3.1.0"
    "debug" "~4.3.1"

"stuffs@^0.1.14":
  "integrity" "sha512-sAegBVmF4/aJUcFnMuqIxIKfmO+I9oa2YMcSaUQEG7777txev/16GYamsqKOIOp5Iw5SQMyagC/dpRTH0sDhHQ=="
  "resolved" "https://registry.npmjs.org/stuffs/-/stuffs-0.1.14.tgz"
  "version" "0.1.14"

"ws@~8.2.3":
  "integrity" "sha512-wBuoj1BDpC6ZQ1B7DWQBYVLphPWkm8i9Y0/3YdHjHKHiohOJ1ws+3OccDWtH+PoC9DZD5WOTrJvNbWvjS6JWaA=="
  "resolved" "https://registry.npmjs.org/ws/-/ws-8.2.3.tgz"
  "version" "8.2.3"

"xmlhttprequest-ssl@~2.0.0":
  "integrity" "sha512-QKxVRxiRACQcVuQEYFsI1hhkrMlrXHPegbbd1yn9UHOmRxY+si12nQYzri3vbzt8VdTTRviqcKxcyllFas5z2A=="
  "resolved" "https://registry.npmjs.org/xmlhttprequest-ssl/-/xmlhttprequest-ssl-2.0.0.tgz"
  "version" "2.0.0"
